
Microsoft Visual Studio Solution File, Format Version 12.00
# Visual Studio Version 17
VisualStudioVersion = 17.11.35312.102
MinimumVisualStudioVersion = 10.0.40219.1
Project("{9A19103F-16F7-4668-BE54-9A1E7A4F7556}") = "api", "api\api.csproj", "{A48D5FCD-D215-4622-A680-99E1E2DE5AFD}"
EndProject
Project("{9A19103F-16F7-4668-BE54-9A1E7A4F7556}") = "shared", "shared\shared.csproj", "{F89C7D35-8893-4D5A-84C2-27313BDCBA0E}"
EndProject
Project("{9A19103F-16F7-4668-BE54-9A1E7A4F7556}") = "frontend", "frontend\frontend.csproj", "{82ED5534-5017-47D2-8CD6-4F14AABC4377}"
EndProject
Global
	GlobalSection(SolutionConfigurationPlatforms) = preSolution
		Debug|Any CPU = Debug|Any CPU
		Release|Any CPU = Release|Any CPU
	EndGlobalSection
	GlobalSection(ProjectConfigurationPlatforms) = postSolution
		{A48D5FCD-D215-4622-A680-99E1E2DE5AFD}.Debug|Any CPU.ActiveCfg = Debug|Any CPU
		{A48D5FCD-D215-4622-A680-99E1E2DE5AFD}.Debug|Any CPU.Build.0 = Debug|Any CPU
		{A48D5FCD-D215-4622-A680-99E1E2DE5AFD}.Release|Any CPU.ActiveCfg = Release|Any CPU
		{A48D5FCD-D215-4622-A680-99E1E2DE5AFD}.Release|Any CPU.Build.0 = Release|Any CPU
		{F89C7D35-8893-4D5A-84C2-27313BDCBA0E}.Debug|Any CPU.ActiveCfg = Debug|Any CPU
		{F89C7D35-8893-4D5A-84C2-27313BDCBA0E}.Debug|Any CPU.Build.0 = Debug|Any CPU
		{F89C7D35-8893-4D5A-84C2-27313BDCBA0E}.Release|Any CPU.ActiveCfg = Release|Any CPU
		{F89C7D35-8893-4D5A-84C2-27313BDCBA0E}.Release|Any CPU.Build.0 = Release|Any CPU
		{82ED5534-5017-47D2-8CD6-4F14AABC4377}.Debug|Any CPU.ActiveCfg = Debug|Any CPU
		{82ED5534-5017-47D2-8CD6-4F14AABC4377}.Debug|Any CPU.Build.0 = Debug|Any CPU
		{82ED5534-5017-47D2-8CD6-4F14AABC4377}.Release|Any CPU.ActiveCfg = Release|Any CPU
		{82ED5534-5017-47D2-8CD6-4F14AABC4377}.Release|Any CPU.Build.0 = Release|Any CPU
	EndGlobalSection
	GlobalSection(SolutionProperties) = preSolution
		HideSolutionNode = FALSE
	EndGlobalSection
	GlobalSection(ExtensibilityGlobals) = postSolution
		SolutionGuid = {B3BCAA3D-1AA6-43A3-84F9-B77F318C1846}
	EndGlobalSection
EndGlobal
